// !$*UTF8*$!
{
	archiveVersion = 1;
	classes = {
	};
	objectVersion = 52;
	objects = {

/* Begin PBXBuildFile section */
		2831E1CB22CDFA3700CB7415 /* RatingsView.swift in Sources */ = {isa = PBXBuildFile; fileRef = 2831E1C822CDFA3700CB7415 /* RatingsView.swift */; };
		2831E1CC22CDFA3700CB7415 /* ProfileView.swift in Sources */ = {isa = PBXBuildFile; fileRef = 2831E1C922CDFA3700CB7415 /* ProfileView.swift */; };
		2831E1CD22CDFA3700CB7415 /* GamesView.swift in Sources */ = {isa = PBXBuildFile; fileRef = 2831E1CA22CDFA3700CB7415 /* GamesView.swift */; };
		2831E1CF22CDFA8100CB7415 /* Preview Assets.xcassets in Resources */ = {isa = PBXBuildFile; fileRef = 2831E1CE22CDFA8100CB7415 /* Preview Assets.xcassets */; };
		2831E1D322CE001200CB7415 /* ContentView.swift in Sources */ = {isa = PBXBuildFile; fileRef = 2831E1D222CE001200CB7415 /* ContentView.swift */; };
		54487AD222CDF5D8005F4C88 /* LoginView.swift in Sources */ = {isa = PBXBuildFile; fileRef = 54487AD022CDF5D8005F4C88 /* LoginView.swift */; };
		54487AD322CDF5D8005F4C88 /* RegistrationView.swift in Sources */ = {isa = PBXBuildFile; fileRef = 54487AD122CDF5D8005F4C88 /* RegistrationView.swift */; };
		6A114CF822CDE54100DE4E5D /* AppDelegate.swift in Sources */ = {isa = PBXBuildFile; fileRef = 6A114CF722CDE54100DE4E5D /* AppDelegate.swift */; };
		6A114CFA22CDE54100DE4E5D /* SceneDelegate.swift in Sources */ = {isa = PBXBuildFile; fileRef = 6A114CF922CDE54100DE4E5D /* SceneDelegate.swift */; };
		6A114CFE22CDE54100DE4E5D /* Assets.xcassets in Resources */ = {isa = PBXBuildFile; fileRef = 6A114CFD22CDE54100DE4E5D /* Assets.xcassets */; };
		6A114D0422CDE54100DE4E5D /* LaunchScreen.storyboard in Resources */ = {isa = PBXBuildFile; fileRef = 6A114D0222CDE54100DE4E5D /* LaunchScreen.storyboard */; };
		6A5D65EF22CE17A1001EDD64 /* Moya in Frameworks */ = {isa = PBXBuildFile; productRef = 6A5D65EE22CE17A1001EDD64 /* Moya */; };
/* End PBXBuildFile section */

/* Begin PBXFileReference section */
		2831E1C822CDFA3700CB7415 /* RatingsView.swift */ = {isa = PBXFileReference; fileEncoding = 4; lastKnownFileType = sourcecode.swift; path = RatingsView.swift; sourceTree = "<group>"; };
		2831E1C922CDFA3700CB7415 /* ProfileView.swift */ = {isa = PBXFileReference; fileEncoding = 4; lastKnownFileType = sourcecode.swift; path = ProfileView.swift; sourceTree = "<group>"; };
		2831E1CA22CDFA3700CB7415 /* GamesView.swift */ = {isa = PBXFileReference; fileEncoding = 4; lastKnownFileType = sourcecode.swift; path = GamesView.swift; sourceTree = "<group>"; };
		2831E1CE22CDFA8100CB7415 /* Preview Assets.xcassets */ = {isa = PBXFileReference; lastKnownFileType = folder.assetcatalog; path = "Preview Assets.xcassets"; sourceTree = "<group>"; };
		2831E1D222CE001200CB7415 /* ContentView.swift */ = {isa = PBXFileReference; lastKnownFileType = sourcecode.swift; path = ContentView.swift; sourceTree = "<group>"; };
		54487AD022CDF5D8005F4C88 /* LoginView.swift */ = {isa = PBXFileReference; fileEncoding = 4; lastKnownFileType = sourcecode.swift; path = LoginView.swift; sourceTree = "<group>"; };
		54487AD122CDF5D8005F4C88 /* RegistrationView.swift */ = {isa = PBXFileReference; fileEncoding = 4; lastKnownFileType = sourcecode.swift; path = RegistrationView.swift; sourceTree = "<group>"; };
		6A114CF422CDE54100DE4E5D /* PinpongSwiftUI.app */ = {isa = PBXFileReference; explicitFileType = wrapper.application; includeInIndex = 0; path = PinpongSwiftUI.app; sourceTree = BUILT_PRODUCTS_DIR; };
		6A114CF722CDE54100DE4E5D /* AppDelegate.swift */ = {isa = PBXFileReference; lastKnownFileType = sourcecode.swift; path = AppDelegate.swift; sourceTree = "<group>"; };
		6A114CF922CDE54100DE4E5D /* SceneDelegate.swift */ = {isa = PBXFileReference; lastKnownFileType = sourcecode.swift; path = SceneDelegate.swift; sourceTree = "<group>"; };
		6A114CFD22CDE54100DE4E5D /* Assets.xcassets */ = {isa = PBXFileReference; lastKnownFileType = folder.assetcatalog; path = Assets.xcassets; sourceTree = "<group>"; };
		6A114D0322CDE54100DE4E5D /* Base */ = {isa = PBXFileReference; lastKnownFileType = file.storyboard; name = Base; path = Base.lproj/LaunchScreen.storyboard; sourceTree = "<group>"; };
		6A114D0522CDE54100DE4E5D /* Info.plist */ = {isa = PBXFileReference; lastKnownFileType = text.plist.xml; path = Info.plist; sourceTree = "<group>"; };
/* End PBXFileReference section */

/* Begin PBXFrameworksBuildPhase section */
		6A114CF122CDE54100DE4E5D /* Frameworks */ = {
			isa = PBXFrameworksBuildPhase;
			buildActionMask = 2147483647;
			files = (
				6A5D65EF22CE17A1001EDD64 /* Moya in Frameworks */,
			);
			runOnlyForDeploymentPostprocessing = 0;
		};
/* End PBXFrameworksBuildPhase section */

/* Begin PBXGroup section */
		2831E1C722CDFA3700CB7415 /* Views */ = {
			isa = PBXGroup;
			children = (
				2831E1C822CDFA3700CB7415 /* RatingsView.swift */,
				2831E1C922CDFA3700CB7415 /* ProfileView.swift */,
				2831E1CA22CDFA3700CB7415 /* GamesView.swift */,
				2831E1D222CE001200CB7415 /* ContentView.swift */,
			);
			path = Views;
			sourceTree = "<group>";
		};
		54487ACB22CDF5A9005F4C88 /* Auth */ = {
			isa = PBXGroup;
			children = (
				54487AD022CDF5D8005F4C88 /* LoginView.swift */,
				54487AD122CDF5D8005F4C88 /* RegistrationView.swift */,
			);
			path = Auth;
			sourceTree = "<group>";
		};
		6A114CEB22CDE54100DE4E5D = {
			isa = PBXGroup;
			children = (
				6A114CF622CDE54100DE4E5D /* PinpongSwiftUI */,
				6A114CF522CDE54100DE4E5D /* Products */,
			);
			sourceTree = "<group>";
		};
		6A114CF522CDE54100DE4E5D /* Products */ = {
			isa = PBXGroup;
			children = (
				6A114CF422CDE54100DE4E5D /* PinpongSwiftUI.app */,
			);
			name = Products;
			sourceTree = "<group>";
		};
		6A114CF622CDE54100DE4E5D /* PinpongSwiftUI */ = {
			isa = PBXGroup;
			children = (
				54487ACB22CDF5A9005F4C88 /* Auth */,
				2831E1C722CDFA3700CB7415 /* Views */,
				6A114CF722CDE54100DE4E5D /* AppDelegate.swift */,
				6A114CF922CDE54100DE4E5D /* SceneDelegate.swift */,
				6A114CFD22CDE54100DE4E5D /* Assets.xcassets */,
				6A114D0222CDE54100DE4E5D /* LaunchScreen.storyboard */,
				6A114D0522CDE54100DE4E5D /* Info.plist */,
				6A114CFF22CDE54100DE4E5D /* Preview Content */,
			);
			path = PinpongSwiftUI;
			sourceTree = "<group>";
		};
		6A114CFF22CDE54100DE4E5D /* Preview Content */ = {
			isa = PBXGroup;
			children = (
				2831E1CE22CDFA8100CB7415 /* Preview Assets.xcassets */,
			);
			path = "Preview Content";
			sourceTree = "<group>";
		};
/* End PBXGroup section */

/* Begin PBXNativeTarget section */
		6A114CF322CDE54100DE4E5D /* PinpongSwiftUI */ = {
			isa = PBXNativeTarget;
			buildConfigurationList = 6A114D0822CDE54100DE4E5D /* Build configuration list for PBXNativeTarget "PinpongSwiftUI" */;
			buildPhases = (
				6A114CF022CDE54100DE4E5D /* Sources */,
				6A114CF122CDE54100DE4E5D /* Frameworks */,
				6A114CF222CDE54100DE4E5D /* Resources */,
			);
			buildRules = (
			);
			dependencies = (
			);
			name = PinpongSwiftUI;
			packageProductDependencies = (
				6A5D65EE22CE17A1001EDD64 /* Moya */,
			);
			productName = PinpongSwiftUI;
			productReference = 6A114CF422CDE54100DE4E5D /* PinpongSwiftUI.app */;
			productType = "com.apple.product-type.application";
		};
/* End PBXNativeTarget section */

/* Begin PBXProject section */
		6A114CEC22CDE54100DE4E5D /* Project object */ = {
			isa = PBXProject;
			attributes = {
				LastSwiftUpdateCheck = 1100;
				LastUpgradeCheck = 1100;
				ORGANIZATIONNAME = "Лесников Александр Максимович";
				TargetAttributes = {
					6A114CF322CDE54100DE4E5D = {
						CreatedOnToolsVersion = 11.0;
					};
				};
			};
			buildConfigurationList = 6A114CEF22CDE54100DE4E5D /* Build configuration list for PBXProject "PinpongSwiftUI" */;
			compatibilityVersion = "Xcode 9.3";
			developmentRegion = en;
			hasScannedForEncodings = 0;
			knownRegions = (
				en,
				Base,
			);
			mainGroup = 6A114CEB22CDE54100DE4E5D;
			packageReferences = (
				6A5D65ED22CE17A1001EDD64 /* XCRemoteSwiftPackageReference "Moya" */,
			);
			productRefGroup = 6A114CF522CDE54100DE4E5D /* Products */;
			projectDirPath = "";
			projectRoot = "";
			targets = (
				6A114CF322CDE54100DE4E5D /* PinpongSwiftUI */,
			);
		};
/* End PBXProject section */

/* Begin PBXResourcesBuildPhase section */
		6A114CF222CDE54100DE4E5D /* Resources */ = {
			isa = PBXResourcesBuildPhase;
			buildActionMask = 2147483647;
			files = (
				2831E1CF22CDFA8100CB7415 /* Preview Assets.xcassets in Resources */,
				6A114D0422CDE54100DE4E5D /* LaunchScreen.storyboard in Resources */,
				6A114CFE22CDE54100DE4E5D /* Assets.xcassets in Resources */,
			);
			runOnlyForDeploymentPostprocessing = 0;
		};
/* End PBXResourcesBuildPhase section */

/* Begin PBXSourcesBuildPhase section */
		6A114CF022CDE54100DE4E5D /* Sources */ = {
			isa = PBXSourcesBuildPhase;
			buildActionMask = 2147483647;
			files = (
				2831E1CD22CDFA3700CB7415 /* GamesView.swift in Sources */,
				6A114CF822CDE54100DE4E5D /* AppDelegate.swift in Sources */,
				2831E1D322CE001200CB7415 /* ContentView.swift in Sources */,
				6A114CFA22CDE54100DE4E5D /* SceneDelegate.swift in Sources */,
				54487AD222CDF5D8005F4C88 /* LoginView.swift in Sources */,
				54487AD322CDF5D8005F4C88 /* RegistrationView.swift in Sources */,
				2831E1CC22CDFA3700CB7415 /* ProfileView.swift in Sources */,
				2831E1CB22CDFA3700CB7415 /* RatingsView.swift in Sources */,
			);
			runOnlyForDeploymentPostprocessing = 0;
		};
/* End PBXSourcesBuildPhase section */

/* Begin PBXVariantGroup section */
		6A114D0222CDE54100DE4E5D /* LaunchScreen.storyboard */ = {
			isa = PBXVariantGroup;
			children = (
				6A114D0322CDE54100DE4E5D /* Base */,
			);
			name = LaunchScreen.storyboard;
			sourceTree = "<group>";
		};
/* End PBXVariantGroup section */

/* Begin XCBuildConfiguration section */
		6A114D0622CDE54100DE4E5D /* Debug */ = {
			isa = XCBuildConfiguration;
			buildSettings = {
				ALWAYS_SEARCH_USER_PATHS = NO;
				CLANG_ANALYZER_NONNULL = YES;
				CLANG_ANALYZER_NUMBER_OBJECT_CONVERSION = YES_AGGRESSIVE;
				CLANG_CXX_LANGUAGE_STANDARD = "gnu++14";
				CLANG_CXX_LIBRARY = "libc++";
				CLANG_ENABLE_MODULES = YES;
				CLANG_ENABLE_OBJC_ARC = YES;
				CLANG_ENABLE_OBJC_WEAK = YES;
				CLANG_WARN_BLOCK_CAPTURE_AUTORELEASING = YES;
				CLANG_WARN_BOOL_CONVERSION = YES;
				CLANG_WARN_COMMA = YES;
				CLANG_WARN_CONSTANT_CONVERSION = YES;
				CLANG_WARN_DEPRECATED_OBJC_IMPLEMENTATIONS = YES;
				CLANG_WARN_DIRECT_OBJC_ISA_USAGE = YES_ERROR;
				CLANG_WARN_DOCUMENTATION_COMMENTS = YES;
				CLANG_WARN_EMPTY_BODY = YES;
				CLANG_WARN_ENUM_CONVERSION = YES;
				CLANG_WARN_INFINITE_RECURSION = YES;
				CLANG_WARN_INT_CONVERSION = YES;
				CLANG_WARN_NON_LITERAL_NULL_CONVERSION = YES;
				CLANG_WARN_OBJC_IMPLICIT_RETAIN_SELF = YES;
				CLANG_WARN_OBJC_LITERAL_CONVERSION = YES;
				CLANG_WARN_OBJC_ROOT_CLASS = YES_ERROR;
				CLANG_WARN_RANGE_LOOP_ANALYSIS = YES;
				CLANG_WARN_STRICT_PROTOTYPES = YES;
				CLANG_WARN_SUSPICIOUS_MOVE = YES;
				CLANG_WARN_UNGUARDED_AVAILABILITY = YES_AGGRESSIVE;
				CLANG_WARN_UNREACHABLE_CODE = YES;
				CLANG_WARN__DUPLICATE_METHOD_MATCH = YES;
				COPY_PHASE_STRIP = NO;
				DEBUG_INFORMATION_FORMAT = dwarf;
				ENABLE_STRICT_OBJC_MSGSEND = YES;
				ENABLE_TESTABILITY = YES;
				GCC_C_LANGUAGE_STANDARD = gnu11;
				GCC_DYNAMIC_NO_PIC = NO;
				GCC_NO_COMMON_BLOCKS = YES;
				GCC_OPTIMIZATION_LEVEL = 0;
				GCC_PREPROCESSOR_DEFINITIONS = (
					"DEBUG=1",
					"$(inherited)",
				);
				GCC_WARN_64_TO_32_BIT_CONVERSION = YES;
				GCC_WARN_ABOUT_RETURN_TYPE = YES_ERROR;
				GCC_WARN_UNDECLARED_SELECTOR = YES;
				GCC_WARN_UNINITIALIZED_AUTOS = YES_AGGRESSIVE;
				GCC_WARN_UNUSED_FUNCTION = YES;
				GCC_WARN_UNUSED_VARIABLE = YES;
				IPHONEOS_DEPLOYMENT_TARGET = 13.0;
				MTL_ENABLE_DEBUG_INFO = INCLUDE_SOURCE;
				MTL_FAST_MATH = YES;
				ONLY_ACTIVE_ARCH = YES;
				SDKROOT = iphoneos;
				SWIFT_ACTIVE_COMPILATION_CONDITIONS = DEBUG;
				SWIFT_OPTIMIZATION_LEVEL = "-Onone";
			};
			name = Debug;
		};
		6A114D0722CDE54100DE4E5D /* Release */ = {
			isa = XCBuildConfiguration;
			buildSettings = {
				ALWAYS_SEARCH_USER_PATHS = NO;
				CLANG_ANALYZER_NONNULL = YES;
				CLANG_ANALYZER_NUMBER_OBJECT_CONVERSION = YES_AGGRESSIVE;
				CLANG_CXX_LANGUAGE_STANDARD = "gnu++14";
				CLANG_CXX_LIBRARY = "libc++";
				CLANG_ENABLE_MODULES = YES;
				CLANG_ENABLE_OBJC_ARC = YES;
				CLANG_ENABLE_OBJC_WEAK = YES;
				CLANG_WARN_BLOCK_CAPTURE_AUTORELEASING = YES;
				CLANG_WARN_BOOL_CONVERSION = YES;
				CLANG_WARN_COMMA = YES;
				CLANG_WARN_CONSTANT_CONVERSION = YES;
				CLANG_WARN_DEPRECATED_OBJC_IMPLEMENTATIONS = YES;
				CLANG_WARN_DIRECT_OBJC_ISA_USAGE = YES_ERROR;
				CLANG_WARN_DOCUMENTATION_COMMENTS = YES;
				CLANG_WARN_EMPTY_BODY = YES;
				CLANG_WARN_ENUM_CONVERSION = YES;
				CLANG_WARN_INFINITE_RECURSION = YES;
				CLANG_WARN_INT_CONVERSION = YES;
				CLANG_WARN_NON_LITERAL_NULL_CONVERSION = YES;
				CLANG_WARN_OBJC_IMPLICIT_RETAIN_SELF = YES;
				CLANG_WARN_OBJC_LITERAL_CONVERSION = YES;
				CLANG_WARN_OBJC_ROOT_CLASS = YES_ERROR;
				CLANG_WARN_RANGE_LOOP_ANALYSIS = YES;
				CLANG_WARN_STRICT_PROTOTYPES = YES;
				CLANG_WARN_SUSPICIOUS_MOVE = YES;
				CLANG_WARN_UNGUARDED_AVAILABILITY = YES_AGGRESSIVE;
				CLANG_WARN_UNREACHABLE_CODE = YES;
				CLANG_WARN__DUPLICATE_METHOD_MATCH = YES;
				COPY_PHASE_STRIP = NO;
				DEBUG_INFORMATION_FORMAT = "dwarf-with-dsym";
				ENABLE_NS_ASSERTIONS = NO;
				ENABLE_STRICT_OBJC_MSGSEND = YES;
				GCC_C_LANGUAGE_STANDARD = gnu11;
				GCC_NO_COMMON_BLOCKS = YES;
				GCC_WARN_64_TO_32_BIT_CONVERSION = YES;
				GCC_WARN_ABOUT_RETURN_TYPE = YES_ERROR;
				GCC_WARN_UNDECLARED_SELECTOR = YES;
				GCC_WARN_UNINITIALIZED_AUTOS = YES_AGGRESSIVE;
				GCC_WARN_UNUSED_FUNCTION = YES;
				GCC_WARN_UNUSED_VARIABLE = YES;
				IPHONEOS_DEPLOYMENT_TARGET = 13.0;
				MTL_ENABLE_DEBUG_INFO = NO;
				MTL_FAST_MATH = YES;
				SDKROOT = iphoneos;
				SWIFT_COMPILATION_MODE = wholemodule;
				SWIFT_OPTIMIZATION_LEVEL = "-O";
				VALIDATE_PRODUCT = YES;
			};
			name = Release;
		};
		6A114D0922CDE54100DE4E5D /* Debug */ = {
			isa = XCBuildConfiguration;
			buildSettings = {
				ASSETCATALOG_COMPILER_APPICON_NAME = AppIcon;
				CODE_SIGN_STYLE = Automatic;
				DEVELOPMENT_ASSET_PATHS = "PinpongSwiftUI/Preview\\ Content";
				DEVELOPMENT_TEAM = FS65CP63Q5;
				ENABLE_PREVIEWS = YES;
				INFOPLIST_FILE = PinpongSwiftUI/Info.plist;
				LD_RUNPATH_SEARCH_PATHS = (
					"$(inherited)",
					"@executable_path/Frameworks",
				);
				PRODUCT_BUNDLE_IDENTIFIER = Domclick.PinpongSwiftUI;
				PRODUCT_NAME = "$(TARGET_NAME)";
				SWIFT_VERSION = 5.0;
				TARGETED_DEVICE_FAMILY = "1,2";
			};
			name = Debug;
		};
		6A114D0A22CDE54100DE4E5D /* Release */ = {
			isa = XCBuildConfiguration;
			buildSettings = {
				ASSETCATALOG_COMPILER_APPICON_NAME = AppIcon;
				CODE_SIGN_STYLE = Automatic;
				DEVELOPMENT_ASSET_PATHS = "PinpongSwiftUI/Preview\\ Content";
				DEVELOPMENT_TEAM = FS65CP63Q5;
				ENABLE_PREVIEWS = YES;
				INFOPLIST_FILE = PinpongSwiftUI/Info.plist;
				LD_RUNPATH_SEARCH_PATHS = (
					"$(inherited)",
					"@executable_path/Frameworks",
				);
				PRODUCT_BUNDLE_IDENTIFIER = Domclick.PinpongSwiftUI;
				PRODUCT_NAME = "$(TARGET_NAME)";
				SWIFT_VERSION = 5.0;
				TARGETED_DEVICE_FAMILY = "1,2";
			};
			name = Release;
		};
/* End XCBuildConfiguration section */

/* Begin XCConfigurationList section */
		6A114CEF22CDE54100DE4E5D /* Build configuration list for PBXProject "PinpongSwiftUI" */ = {
			isa = XCConfigurationList;
			buildConfigurations = (
				6A114D0622CDE54100DE4E5D /* Debug */,
				6A114D0722CDE54100DE4E5D /* Release */,
			);
			defaultConfigurationIsVisible = 0;
			defaultConfigurationName = Release;
		};
		6A114D0822CDE54100DE4E5D /* Build configuration list for PBXNativeTarget "PinpongSwiftUI" */ = {
			isa = XCConfigurationList;
			buildConfigurations = (
				6A114D0922CDE54100DE4E5D /* Debug */,
				6A114D0A22CDE54100DE4E5D /* Release */,
			);
			defaultConfigurationIsVisible = 0;
			defaultConfigurationName = Release;
		};
/* End XCConfigurationList section */

/* Begin XCRemoteSwiftPackageReference section */
		6A5D65ED22CE17A1001EDD64 /* XCRemoteSwiftPackageReference "Moya" */ = {
			isa = XCRemoteSwiftPackageReference;
			repositoryURL = "https://github.com/Moya/Moya.git";
			requirement = {
				kind = upToNextMajorVersion;
				minimumVersion = 13.0.1;
			};
		};
/* End XCRemoteSwiftPackageReference section */

/* Begin XCSwiftPackageProductDependency section */
		6A5D65EE22CE17A1001EDD64 /* Moya */ = {
			isa = XCSwiftPackageProductDependency;
			package = 6A5D65ED22CE17A1001EDD64 /* XCRemoteSwiftPackageReference "Moya" */;
			productName = Moya;
		};
/* End XCSwiftPackageProductDependency section */
	};
	rootObject = 6A114CEC22CDE54100DE4E5D /* Project object */;
}
